// !$*UTF8*$!
{
	archiveVersion = 1;
	classes = {
	};
	objectVersion = 50;
	objects = {

/* Begin PBXBuildFile section */
		7AC35FE2268AF4840063E3C2 /* AppDelegate.swift in Sources */ = {isa = PBXBuildFile; fileRef = 7AC35FE1268AF4840063E3C2 /* AppDelegate.swift */; };
		7AC35FE4268AF4840063E3C2 /* SceneDelegate.swift in Sources */ = {isa = PBXBuildFile; fileRef = 7AC35FE3268AF4840063E3C2 /* SceneDelegate.swift */; };
		7AC35FE6268AF4840063E3C2 /* CalculatorViewController.swift in Sources */ = {isa = PBXBuildFile; fileRef = 7AC35FE5268AF4840063E3C2 /* CalculatorViewController.swift */; };
		7AC35FE9268AF4840063E3C2 /* Main.storyboard in Resources */ = {isa = PBXBuildFile; fileRef = 7AC35FE7268AF4840063E3C2 /* Main.storyboard */; };
		7AC35FEB268AF4860063E3C2 /* Assets.xcassets in Resources */ = {isa = PBXBuildFile; fileRef = 7AC35FEA268AF4860063E3C2 /* Assets.xcassets */; };
		7AC35FEE268AF4860063E3C2 /* LaunchScreen.storyboard in Resources */ = {isa = PBXBuildFile; fileRef = 7AC35FEC268AF4860063E3C2 /* LaunchScreen.storyboard */; };
		7AC35FF9268AF4860063E3C2 /* TipperTests.swift in Sources */ = {isa = PBXBuildFile; fileRef = 7AC35FF8268AF4860063E3C2 /* TipperTests.swift */; };
		7AC36004268AF4860063E3C2 /* TipperUITests.swift in Sources */ = {isa = PBXBuildFile; fileRef = 7AC36003268AF4860063E3C2 /* TipperUITests.swift */; };
		7AC36013268AF7360063E3C2 /* ResultViewController.swift in Sources */ = {isa = PBXBuildFile; fileRef = 7AC36012268AF7360063E3C2 /* ResultViewController.swift */; };
		7AC36017268B04880063E3C2 /* CalculatorModel.swift in Sources */ = {isa = PBXBuildFile; fileRef = 7AC36016268B04880063E3C2 /* CalculatorModel.swift */; };
/* End PBXBuildFile section */

/* Begin PBXContainerItemProxy section */
		7AC35FF5268AF4860063E3C2 /* PBXContainerItemProxy */ = {
			isa = PBXContainerItemProxy;
			containerPortal = 7AC35FD6268AF4840063E3C2 /* Project object */;
			proxyType = 1;
			remoteGlobalIDString = 7AC35FDD268AF4840063E3C2;
			remoteInfo = Tipper;
		};
		7AC36000268AF4860063E3C2 /* PBXContainerItemProxy */ = {
			isa = PBXContainerItemProxy;
			containerPortal = 7AC35FD6268AF4840063E3C2 /* Project object */;
			proxyType = 1;
			remoteGlobalIDString = 7AC35FDD268AF4840063E3C2;
			remoteInfo = Tipper;
		};
/* End PBXContainerItemProxy section */

/* Begin PBXFileReference section */
		7AC35FDE268AF4840063E3C2 /* Tipper.app */ = {isa = PBXFileReference; explicitFileType = wrapper.application; includeInIndex = 0; path = Tipper.app; sourceTree = BUILT_PRODUCTS_DIR; };
		7AC35FE1268AF4840063E3C2 /* AppDelegate.swift */ = {isa = PBXFileReference; lastKnownFileType = sourcecode.swift; path = AppDelegate.swift; sourceTree = "<group>"; };
		7AC35FE3268AF4840063E3C2 /* SceneDelegate.swift */ = {isa = PBXFileReference; lastKnownFileType = sourcecode.swift; path = SceneDelegate.swift; sourceTree = "<group>"; };
		7AC35FE5268AF4840063E3C2 /* CalculatorViewController.swift */ = {isa = PBXFileReference; lastKnownFileType = sourcecode.swift; path = CalculatorViewController.swift; sourceTree = "<group>"; };
		7AC35FE8268AF4840063E3C2 /* Base */ = {isa = PBXFileReference; lastKnownFileType = file.storyboard; name = Base; path = Base.lproj/Main.storyboard; sourceTree = "<group>"; };
		7AC35FEA268AF4860063E3C2 /* Assets.xcassets */ = {isa = PBXFileReference; lastKnownFileType = folder.assetcatalog; path = Assets.xcassets; sourceTree = "<group>"; };
		7AC35FED268AF4860063E3C2 /* Base */ = {isa = PBXFileReference; lastKnownFileType = file.storyboard; name = Base; path = Base.lproj/LaunchScreen.storyboard; sourceTree = "<group>"; };
		7AC35FEF268AF4860063E3C2 /* Info.plist */ = {isa = PBXFileReference; lastKnownFileType = text.plist.xml; path = Info.plist; sourceTree = "<group>"; };
		7AC35FF4268AF4860063E3C2 /* TipperTests.xctest */ = {isa = PBXFileReference; explicitFileType = wrapper.cfbundle; includeInIndex = 0; path = TipperTests.xctest; sourceTree = BUILT_PRODUCTS_DIR; };
		7AC35FF8268AF4860063E3C2 /* TipperTests.swift */ = {isa = PBXFileReference; lastKnownFileType = sourcecode.swift; path = TipperTests.swift; sourceTree = "<group>"; };
		7AC35FFA268AF4860063E3C2 /* Info.plist */ = {isa = PBXFileReference; lastKnownFileType = text.plist.xml; path = Info.plist; sourceTree = "<group>"; };
		7AC35FFF268AF4860063E3C2 /* TipperUITests.xctest */ = {isa = PBXFileReference; explicitFileType = wrapper.cfbundle; includeInIndex = 0; path = TipperUITests.xctest; sourceTree = BUILT_PRODUCTS_DIR; };
		7AC36003268AF4860063E3C2 /* TipperUITests.swift */ = {isa = PBXFileReference; lastKnownFileType = sourcecode.swift; path = TipperUITests.swift; sourceTree = "<group>"; };
		7AC36005268AF4860063E3C2 /* Info.plist */ = {isa = PBXFileReference; lastKnownFileType = text.plist.xml; path = Info.plist; sourceTree = "<group>"; };
		7AC36012268AF7360063E3C2 /* ResultViewController.swift */ = {isa = PBXFileReference; lastKnownFileType = sourcecode.swift; path = ResultViewController.swift; sourceTree = "<group>"; };
		7AC36016268B04880063E3C2 /* CalculatorModel.swift */ = {isa = PBXFileReference; lastKnownFileType = sourcecode.swift; path = CalculatorModel.swift; sourceTree = "<group>"; };
/* End PBXFileReference section */

/* Begin PBXFrameworksBuildPhase section */
		7AC35FDB268AF4840063E3C2 /* Frameworks */ = {
			isa = PBXFrameworksBuildPhase;
			buildActionMask = 2147483647;
			files = (
			);
			runOnlyForDeploymentPostprocessing = 0;
		};
		7AC35FF1268AF4860063E3C2 /* Frameworks */ = {
			isa = PBXFrameworksBuildPhase;
			buildActionMask = 2147483647;
			files = (
			);
			runOnlyForDeploymentPostprocessing = 0;
		};
		7AC35FFC268AF4860063E3C2 /* Frameworks */ = {
			isa = PBXFrameworksBuildPhase;
			buildActionMask = 2147483647;
			files = (
			);
			runOnlyForDeploymentPostprocessing = 0;
		};
/* End PBXFrameworksBuildPhase section */

/* Begin PBXGroup section */
		7AC35FD5268AF4840063E3C2 = {
			isa = PBXGroup;
			children = (
				7AC35FE0268AF4840063E3C2 /* Tipper */,
				7AC35FF7268AF4860063E3C2 /* TipperTests */,
				7AC36002268AF4860063E3C2 /* TipperUITests */,
				7AC35FDF268AF4840063E3C2 /* Products */,
			);
			sourceTree = "<group>";
		};
		7AC35FDF268AF4840063E3C2 /* Products */ = {
			isa = PBXGroup;
			children = (
				7AC35FDE268AF4840063E3C2 /* Tipper.app */,
				7AC35FF4268AF4860063E3C2 /* TipperTests.xctest */,
				7AC35FFF268AF4860063E3C2 /* TipperUITests.xctest */,
			);
			name = Products;
			sourceTree = "<group>";
		};
		7AC35FE0268AF4840063E3C2 /* Tipper */ = {
			isa = PBXGroup;
			children = (
				7AC35FE1268AF4840063E3C2 /* AppDelegate.swift */,
				7AC35FE3268AF4840063E3C2 /* SceneDelegate.swift */,
				7AC36014268B04480063E3C2 /* Model */,
				7AC36015268B04620063E3C2 /* View */,
				7AC36011268AF4D50063E3C2 /* Controller */,
				7AC35FEA268AF4860063E3C2 /* Assets.xcassets */,
				7AC35FEF268AF4860063E3C2 /* Info.plist */,
			);
			path = Tipper;
			sourceTree = "<group>";
		};
		7AC35FF7268AF4860063E3C2 /* TipperTests */ = {
			isa = PBXGroup;
			children = (
				7AC35FF8268AF4860063E3C2 /* TipperTests.swift */,
				7AC35FFA268AF4860063E3C2 /* Info.plist */,
			);
			path = TipperTests;
			sourceTree = "<group>";
		};
		7AC36002268AF4860063E3C2 /* TipperUITests */ = {
			isa = PBXGroup;
			children = (
				7AC36003268AF4860063E3C2 /* TipperUITests.swift */,
				7AC36005268AF4860063E3C2 /* Info.plist */,
			);
			path = TipperUITests;
			sourceTree = "<group>";
		};
		7AC36011268AF4D50063E3C2 /* Controller */ = {
			isa = PBXGroup;
			children = (
				7AC35FE5268AF4840063E3C2 /* CalculatorViewController.swift */,
				7AC36012268AF7360063E3C2 /* ResultViewController.swift */,
			);
			path = Controller;
			sourceTree = "<group>";
		};
		7AC36014268B04480063E3C2 /* Model */ = {
			isa = PBXGroup;
			children = (
				7AC36016268B04880063E3C2 /* CalculatorModel.swift */,
			);
			path = Model;
			sourceTree = "<group>";
		};
		7AC36015268B04620063E3C2 /* View */ = {
			isa = PBXGroup;
			children = (
				7AC35FEC268AF4860063E3C2 /* LaunchScreen.storyboard */,
				7AC35FE7268AF4840063E3C2 /* Main.storyboard */,
			);
			path = View;
			sourceTree = "<group>";
		};
/* End PBXGroup section */

/* Begin PBXNativeTarget section */
		7AC35FDD268AF4840063E3C2 /* Tipper */ = {
			isa = PBXNativeTarget;
			buildConfigurationList = 7AC36008268AF4860063E3C2 /* Build configuration list for PBXNativeTarget "Tipper" */;
			buildPhases = (
				7AC35FDA268AF4840063E3C2 /* Sources */,
				7AC35FDB268AF4840063E3C2 /* Frameworks */,
				7AC35FDC268AF4840063E3C2 /* Resources */,
			);
			buildRules = (
			);
			dependencies = (
			);
			name = Tipper;
			productName = Tipper;
			productReference = 7AC35FDE268AF4840063E3C2 /* Tipper.app */;
			productType = "com.apple.product-type.application";
		};
		7AC35FF3268AF4860063E3C2 /* TipperTests */ = {
			isa = PBXNativeTarget;
			buildConfigurationList = 7AC3600B268AF4860063E3C2 /* Build configuration list for PBXNativeTarget "TipperTests" */;
			buildPhases = (
				7AC35FF0268AF4860063E3C2 /* Sources */,
				7AC35FF1268AF4860063E3C2 /* Frameworks */,
				7AC35FF2268AF4860063E3C2 /* Resources */,
			);
			buildRules = (
			);
			dependencies = (
				7AC35FF6268AF4860063E3C2 /* PBXTargetDependency */,
			);
			name = TipperTests;
			productName = TipperTests;
			productReference = 7AC35FF4268AF4860063E3C2 /* TipperTests.xctest */;
			productType = "com.apple.product-type.bundle.unit-test";
		};
		7AC35FFE268AF4860063E3C2 /* TipperUITests */ = {
			isa = PBXNativeTarget;
			buildConfigurationList = 7AC3600E268AF4860063E3C2 /* Build configuration list for PBXNativeTarget "TipperUITests" */;
			buildPhases = (
				7AC35FFB268AF4860063E3C2 /* Sources */,
				7AC35FFC268AF4860063E3C2 /* Frameworks */,
				7AC35FFD268AF4860063E3C2 /* Resources */,
			);
			buildRules = (
			);
			dependencies = (
				7AC36001268AF4860063E3C2 /* PBXTargetDependency */,
			);
			name = TipperUITests;
			productName = TipperUITests;
			productReference = 7AC35FFF268AF4860063E3C2 /* TipperUITests.xctest */;
			productType = "com.apple.product-type.bundle.ui-testing";
		};
/* End PBXNativeTarget section */

/* Begin PBXProject section */
		7AC35FD6268AF4840063E3C2 /* Project object */ = {
			isa = PBXProject;
			attributes = {
				LastSwiftUpdateCheck = 1250;
				LastUpgradeCheck = 1250;
				TargetAttributes = {
					7AC35FDD268AF4840063E3C2 = {
						CreatedOnToolsVersion = 12.5;
					};
					7AC35FF3268AF4860063E3C2 = {
						CreatedOnToolsVersion = 12.5;
						TestTargetID = 7AC35FDD268AF4840063E3C2;
					};
					7AC35FFE268AF4860063E3C2 = {
						CreatedOnToolsVersion = 12.5;
						TestTargetID = 7AC35FDD268AF4840063E3C2;
					};
				};
			};
			buildConfigurationList = 7AC35FD9268AF4840063E3C2 /* Build configuration list for PBXProject "Tipper" */;
			compatibilityVersion = "Xcode 9.3";
			developmentRegion = en;
			hasScannedForEncodings = 0;
			knownRegions = (
				en,
				Base,
			);
			mainGroup = 7AC35FD5268AF4840063E3C2;
			productRefGroup = 7AC35FDF268AF4840063E3C2 /* Products */;
			projectDirPath = "";
			projectRoot = "";
			targets = (
				7AC35FDD268AF4840063E3C2 /* Tipper */,
				7AC35FF3268AF4860063E3C2 /* TipperTests */,
				7AC35FFE268AF4860063E3C2 /* TipperUITests */,
			);
		};
/* End PBXProject section */

/* Begin PBXResourcesBuildPhase section */
		7AC35FDC268AF4840063E3C2 /* Resources */ = {
			isa = PBXResourcesBuildPhase;
			buildActionMask = 2147483647;
			files = (
				7AC35FEE268AF4860063E3C2 /* LaunchScreen.storyboard in Resources */,
				7AC35FEB268AF4860063E3C2 /* Assets.xcassets in Resources */,
				7AC35FE9268AF4840063E3C2 /* Main.storyboard in Resources */,
			);
			runOnlyForDeploymentPostprocessing = 0;
		};
		7AC35FF2268AF4860063E3C2 /* Resources */ = {
			isa = PBXResourcesBuildPhase;
			buildActionMask = 2147483647;
			files = (
			);
			runOnlyForDeploymentPostprocessing = 0;
		};
		7AC35FFD268AF4860063E3C2 /* Resources */ = {
			isa = PBXResourcesBuildPhase;
			buildActionMask = 2147483647;
			files = (
			);
			runOnlyForDeploymentPostprocessing = 0;
		};
/* End PBXResourcesBuildPhase section */

/* Begin PBXSourcesBuildPhase section */
		7AC35FDA268AF4840063E3C2 /* Sources */ = {
			isa = PBXSourcesBuildPhase;
			buildActionMask = 2147483647;
			files = (
				7AC35FE6268AF4840063E3C2 /* CalculatorViewController.swift in Sources */,
				7AC36017268B04880063E3C2 /* CalculatorModel.swift in Sources */,
				7AC35FE2268AF4840063E3C2 /* AppDelegate.swift in Sources */,
				7AC35FE4268AF4840063E3C2 /* SceneDelegate.swift in Sources */,
				7AC36013268AF7360063E3C2 /* ResultViewController.swift in Sources */,
			);
			runOnlyForDeploymentPostprocessing = 0;
		};
		7AC35FF0268AF4860063E3C2 /* Sources */ = {
			isa = PBXSourcesBuildPhase;
			buildActionMask = 2147483647;
			files = (
				7AC35FF9268AF4860063E3C2 /* TipperTests.swift in Sources */,
			);
			runOnlyForDeploymentPostprocessing = 0;
		};
		7AC35FFB268AF4860063E3C2 /* Sources */ = {
			isa = PBXSourcesBuildPhase;
			buildActionMask = 2147483647;
			files = (
				7AC36004268AF4860063E3C2 /* TipperUITests.swift in Sources */,
			);
			runOnlyForDeploymentPostprocessing = 0;
		};
/* End PBXSourcesBuildPhase section */

/* Begin PBXTargetDependency section */
		7AC35FF6268AF4860063E3C2 /* PBXTargetDependency */ = {
			isa = PBXTargetDependency;
			target = 7AC35FDD268AF4840063E3C2 /* Tipper */;
			targetProxy = 7AC35FF5268AF4860063E3C2 /* PBXContainerItemProxy */;
		};
		7AC36001268AF4860063E3C2 /* PBXTargetDependency */ = {
			isa = PBXTargetDependency;
			target = 7AC35FDD268AF4840063E3C2 /* Tipper */;
			targetProxy = 7AC36000268AF4860063E3C2 /* PBXContainerItemProxy */;
		};
/* End PBXTargetDependency section */

/* Begin PBXVariantGroup section */
		7AC35FE7268AF4840063E3C2 /* Main.storyboard */ = {
			isa = PBXVariantGroup;
			children = (
				7AC35FE8268AF4840063E3C2 /* Base */,
			);
			name = Main.storyboard;
			sourceTree = "<group>";
		};
		7AC35FEC268AF4860063E3C2 /* LaunchScreen.storyboard */ = {
			isa = PBXVariantGroup;
			children = (
				7AC35FED268AF4860063E3C2 /* Base */,
			);
			name = LaunchScreen.storyboard;
			sourceTree = "<group>";
		};
/* End PBXVariantGroup section */

/* Begin XCBuildConfiguration section */
		7AC36006268AF4860063E3C2 /* Debug */ = {
			isa = XCBuildConfiguration;
			buildSettings = {
				ALWAYS_SEARCH_USER_PATHS = NO;
				CLANG_ANALYZER_NONNULL = YES;
				CLANG_ANALYZER_NUMBER_OBJECT_CONVERSION = YES_AGGRESSIVE;
				CLANG_CXX_LANGUAGE_STANDARD = "gnu++14";
				CLANG_CXX_LIBRARY = "libc++";
				CLANG_ENABLE_MODULES = YES;
				CLANG_ENABLE_OBJC_ARC = YES;
				CLANG_ENABLE_OBJC_WEAK = YES;
				CLANG_WARN_BLOCK_CAPTURE_AUTORELEASING = YES;
				CLANG_WARN_BOOL_CONVERSION = YES;
				CLANG_WARN_COMMA = YES;
				CLANG_WARN_CONSTANT_CONVERSION = YES;
				CLANG_WARN_DEPRECATED_OBJC_IMPLEMENTATIONS = YES;
				CLANG_WARN_DIRECT_OBJC_ISA_USAGE = YES_ERROR;
				CLANG_WARN_DOCUMENTATION_COMMENTS = YES;
				CLANG_WARN_EMPTY_BODY = YES;
				CLANG_WARN_ENUM_CONVERSION = YES;
				CLANG_WARN_INFINITE_RECURSION = YES;
				CLANG_WARN_INT_CONVERSION = YES;
				CLANG_WARN_NON_LITERAL_NULL_CONVERSION = YES;
				CLANG_WARN_OBJC_IMPLICIT_RETAIN_SELF = YES;
				CLANG_WARN_OBJC_LITERAL_CONVERSION = YES;
				CLANG_WARN_OBJC_ROOT_CLASS = YES_ERROR;
				CLANG_WARN_QUOTED_INCLUDE_IN_FRAMEWORK_HEADER = YES;
				CLANG_WARN_RANGE_LOOP_ANALYSIS = YES;
				CLANG_WARN_STRICT_PROTOTYPES = YES;
				CLANG_WARN_SUSPICIOUS_MOVE = YES;
				CLANG_WARN_UNGUARDED_AVAILABILITY = YES_AGGRESSIVE;
				CLANG_WARN_UNREACHABLE_CODE = YES;
				CLANG_WARN__DUPLICATE_METHOD_MATCH = YES;
				COPY_PHASE_STRIP = NO;
				DEBUG_INFORMATION_FORMAT = dwarf;
				ENABLE_STRICT_OBJC_MSGSEND = YES;
				ENABLE_TESTABILITY = YES;
				GCC_C_LANGUAGE_STANDARD = gnu11;
				GCC_DYNAMIC_NO_PIC = NO;
				GCC_NO_COMMON_BLOCKS = YES;
				GCC_OPTIMIZATION_LEVEL = 0;
				GCC_PREPROCESSOR_DEFINITIONS = (
					"DEBUG=1",
					"$(inherited)",
				);
				GCC_WARN_64_TO_32_BIT_CONVERSION = YES;
				GCC_WARN_ABOUT_RETURN_TYPE = YES_ERROR;
				GCC_WARN_UNDECLARED_SELECTOR = YES;
				GCC_WARN_UNINITIALIZED_AUTOS = YES_AGGRESSIVE;
				GCC_WARN_UNUSED_FUNCTION = YES;
				GCC_WARN_UNUSED_VARIABLE = YES;
				IPHONEOS_DEPLOYMENT_TARGET = 14.5;
				MTL_ENABLE_DEBUG_INFO = INCLUDE_SOURCE;
				MTL_FAST_MATH = YES;
				ONLY_ACTIVE_ARCH = YES;
				SDKROOT = iphoneos;
				SWIFT_ACTIVE_COMPILATION_CONDITIONS = DEBUG;
				SWIFT_OPTIMIZATION_LEVEL = "-Onone";
			};
			name = Debug;
		};
		7AC36007268AF4860063E3C2 /* Release */ = {
			isa = XCBuildConfiguration;
			buildSettings = {
				ALWAYS_SEARCH_USER_PATHS = NO;
				CLANG_ANALYZER_NONNULL = YES;
				CLANG_ANALYZER_NUMBER_OBJECT_CONVERSION = YES_AGGRESSIVE;
				CLANG_CXX_LANGUAGE_STANDARD = "gnu++14";
				CLANG_CXX_LIBRARY = "libc++";
				CLANG_ENABLE_MODULES = YES;
				CLANG_ENABLE_OBJC_ARC = YES;
				CLANG_ENABLE_OBJC_WEAK = YES;
				CLANG_WARN_BLOCK_CAPTURE_AUTORELEASING = YES;
				CLANG_WARN_BOOL_CONVERSION = YES;
				CLANG_WARN_COMMA = YES;
				CLANG_WARN_CONSTANT_CONVERSION = YES;
				CLANG_WARN_DEPRECATED_OBJC_IMPLEMENTATIONS = YES;
				CLANG_WARN_DIRECT_OBJC_ISA_USAGE = YES_ERROR;
				CLANG_WARN_DOCUMENTATION_COMMENTS = YES;
				CLANG_WARN_EMPTY_BODY = YES;
				CLANG_WARN_ENUM_CONVERSION = YES;
				CLANG_WARN_INFINITE_RECURSION = YES;
				CLANG_WARN_INT_CONVERSION = YES;
				CLANG_WARN_NON_LITERAL_NULL_CONVERSION = YES;
				CLANG_WARN_OBJC_IMPLICIT_RETAIN_SELF = YES;
				CLANG_WARN_OBJC_LITERAL_CONVERSION = YES;
				CLANG_WARN_OBJC_ROOT_CLASS = YES_ERROR;
				CLANG_WARN_QUOTED_INCLUDE_IN_FRAMEWORK_HEADER = YES;
				CLANG_WARN_RANGE_LOOP_ANALYSIS = YES;
				CLANG_WARN_STRICT_PROTOTYPES = YES;
				CLANG_WARN_SUSPICIOUS_MOVE = YES;
				CLANG_WARN_UNGUARDED_AVAILABILITY = YES_AGGRESSIVE;
				CLANG_WARN_UNREACHABLE_CODE = YES;
				CLANG_WARN__DUPLICATE_METHOD_MATCH = YES;
				COPY_PHASE_STRIP = NO;
				DEBUG_INFORMATION_FORMAT = "dwarf-with-dsym";
				ENABLE_NS_ASSERTIONS = NO;
				ENABLE_STRICT_OBJC_MSGSEND = YES;
				GCC_C_LANGUAGE_STANDARD = gnu11;
				GCC_NO_COMMON_BLOCKS = YES;
				GCC_WARN_64_TO_32_BIT_CONVERSION = YES;
				GCC_WARN_ABOUT_RETURN_TYPE = YES_ERROR;
				GCC_WARN_UNDECLARED_SELECTOR = YES;
				GCC_WARN_UNINITIALIZED_AUTOS = YES_AGGRESSIVE;
				GCC_WARN_UNUSED_FUNCTION = YES;
				GCC_WARN_UNUSED_VARIABLE = YES;
				IPHONEOS_DEPLOYMENT_TARGET = 14.5;
				MTL_ENABLE_DEBUG_INFO = NO;
				MTL_FAST_MATH = YES;
				SDKROOT = iphoneos;
				SWIFT_COMPILATION_MODE = wholemodule;
				SWIFT_OPTIMIZATION_LEVEL = "-O";
				VALIDATE_PRODUCT = YES;
			};
			name = Release;
		};
		7AC36009268AF4860063E3C2 /* Debug */ = {
			isa = XCBuildConfiguration;
			buildSettings = {
				ASSETCATALOG_COMPILER_APPICON_NAME = AppIcon;
				ASSETCATALOG_COMPILER_GLOBAL_ACCENT_COLOR_NAME = AccentColor;
				CODE_SIGN_STYLE = Automatic;
				INFOPLIST_FILE = Tipper/Info.plist;
				LD_RUNPATH_SEARCH_PATHS = (
					"$(inherited)",
					"@executable_path/Frameworks",
				);
				PRODUCT_BUNDLE_IDENTIFIER = com.muhamadirsyad.Tipper;
				PRODUCT_NAME = "$(TARGET_NAME)";
				SWIFT_VERSION = 5.0;
				TARGETED_DEVICE_FAMILY = "1,2";
			};
			name = Debug;
		};
		7AC3600A268AF4860063E3C2 /* Release */ = {
			isa = XCBuildConfiguration;
			buildSettings = {
				ASSETCATALOG_COMPILER_APPICON_NAME = AppIcon;
				ASSETCATALOG_COMPILER_GLOBAL_ACCENT_COLOR_NAME = AccentColor;
				CODE_SIGN_STYLE = Automatic;
				INFOPLIST_FILE = Tipper/Info.plist;
				LD_RUNPATH_SEARCH_PATHS = (
					"$(inherited)",
					"@executable_path/Frameworks",
				);
				PRODUCT_BUNDLE_IDENTIFIER = com.muhamadirsyad.Tipper;
				PRODUCT_NAME = "$(TARGET_NAME)";
				SWIFT_VERSION = 5.0;
				TARGETED_DEVICE_FAMILY = "1,2";
			};
			name = Release;
		};
		7AC3600C268AF4860063E3C2 /* Debug */ = {
			isa = XCBuildConfiguration;
			buildSettings = {
				ALWAYS_EMBED_SWIFT_STANDARD_LIBRARIES = YES;
				BUNDLE_LOADER = "$(TEST_HOST)";
				CODE_SIGN_STYLE = Automatic;
				INFOPLIST_FILE = TipperTests/Info.plist;
				IPHONEOS_DEPLOYMENT_TARGET = 14.5;
				LD_RUNPATH_SEARCH_PATHS = (
					"$(inherited)",
					"@executable_path/Frameworks",
					"@loader_path/Frameworks",
				);
				PRODUCT_BUNDLE_IDENTIFIER = com.muhamadirsyad.TipperTests;
				PRODUCT_NAME = "$(TARGET_NAME)";
				SWIFT_VERSION = 5.0;
				TARGETED_DEVICE_FAMILY = "1,2";
				TEST_HOST = "$(BUILT_PRODUCTS_DIR)/Tipper.app/Tipper";
			};
			name = Debug;
		};
		7AC3600D268AF4860063E3C2 /* Release */ = {
			isa = XCBuildConfiguration;
			buildSettings = {
				ALWAYS_EMBED_SWIFT_STANDARD_LIBRARIES = YES;
				BUNDLE_LOADER = "$(TEST_HOST)";
				CODE_SIGN_STYLE = Automatic;
				INFOPLIST_FILE = TipperTests/Info.plist;
				IPHONEOS_DEPLOYMENT_TARGET = 14.5;
				LD_RUNPATH_SEARCH_PATHS = (
					"$(inherited)",
					"@executable_path/Frameworks",
					"@loader_path/Frameworks",
				);
				PRODUCT_BUNDLE_IDENTIFIER = com.muhamadirsyad.TipperTests;
				PRODUCT_NAME = "$(TARGET_NAME)";
				SWIFT_VERSION = 5.0;
				TARGETED_DEVICE_FAMILY = "1,2";
				TEST_HOST = "$(BUILT_PRODUCTS_DIR)/Tipper.app/Tipper";
			};
			name = Release;
		};
		7AC3600F268AF4860063E3C2 /* Debug */ = {
			isa = XCBuildConfiguration;
			buildSettings = {
				ALWAYS_EMBED_SWIFT_STANDARD_LIBRARIES = YES;
				CODE_SIGN_STYLE = Automatic;
				INFOPLIST_FILE = TipperUITests/Info.plist;
				LD_RUNPATH_SEARCH_PATHS = (
					"$(inherited)",
					"@executable_path/Frameworks",
					"@loader_path/Frameworks",
				);
				PRODUCT_BUNDLE_IDENTIFIER = com.muhamadirsyad.TipperUITests;
				PRODUCT_NAME = "$(TARGET_NAME)";
				SWIFT_VERSION = 5.0;
				TARGETED_DEVICE_FAMILY = "1,2";
				TEST_TARGET_NAME = Tipper;
			};
			name = Debug;
		};
		7AC36010268AF4860063E3C2 /* Release */ = {
			isa = XCBuildConfiguration;
			buildSettings = {
				ALWAYS_EMBED_SWIFT_STANDARD_LIBRARIES = YES;
				CODE_SIGN_STYLE = Automatic;
				INFOPLIST_FILE = TipperUITests/Info.plist;
				LD_RUNPATH_SEARCH_PATHS = (
					"$(inherited)",
					"@executable_path/Frameworks",
					"@loader_path/Frameworks",
				);
				PRODUCT_BUNDLE_IDENTIFIER = com.muhamadirsyad.TipperUITests;
				PRODUCT_NAME = "$(TARGET_NAME)";
				SWIFT_VERSION = 5.0;
				TARGETED_DEVICE_FAMILY = "1,2";
				TEST_TARGET_NAME = Tipper;
			};
			name = Release;
		};
/* End XCBuildConfiguration section */

/* Begin XCConfigurationList section */
		7AC35FD9268AF4840063E3C2 /* Build configuration list for PBXProject "Tipper" */ = {
			isa = XCConfigurationList;
			buildConfigurations = (
				7AC36006268AF4860063E3C2 /* Debug */,
				7AC36007268AF4860063E3C2 /* Release */,
			);
			defaultConfigurationIsVisible = 0;
			defaultConfigurationName = Release;
		};
		7AC36008268AF4860063E3C2 /* Build configuration list for PBXNativeTarget "Tipper" */ = {
			isa = XCConfigurationList;
			buildConfigurations = (
				7AC36009268AF4860063E3C2 /* Debug */,
				7AC3600A268AF4860063E3C2 /* Release */,
			);
			defaultConfigurationIsVisible = 0;
			defaultConfigurationName = Release;
		};
		7AC3600B268AF4860063E3C2 /* Build configuration list for PBXNativeTarget "TipperTests" */ = {
			isa = XCConfigurationList;
			buildConfigurations = (
				7AC3600C268AF4860063E3C2 /* Debug */,
				7AC3600D268AF4860063E3C2 /* Release */,
			);
			defaultConfigurationIsVisible = 0;
			defaultConfigurationName = Release;
		};
		7AC3600E268AF4860063E3C2 /* Build configuration list for PBXNativeTarget "TipperUITests" */ = {
			isa = XCConfigurationList;
			buildConfigurations = (
				7AC3600F268AF4860063E3C2 /* Debug */,
				7AC36010268AF4860063E3C2 /* Release */,
			);
			defaultConfigurationIsVisible = 0;
			defaultConfigurationName = Release;
		};
/* End XCConfigurationList section */
	};
	rootObject = 7AC35FD6268AF4840063E3C2 /* Project object */;
}
